// !$*UTF8*$!
{
	archiveVersion = 1;
	classes = {
	};
	objectVersion = 55;
	objects = {

/* Begin PBXBuildFile section */
		D505223028B518AA00C55172 /* ComposeView.swift in Sources */ = {isa = PBXBuildFile; fileRef = D505222F28B518AA00C55172 /* ComposeView.swift */; };
		D505223128B518AA00C55172 /* ComposeView.swift in Sources */ = {isa = PBXBuildFile; fileRef = D505222F28B518AA00C55172 /* ComposeView.swift */; };
		D540569328B1578E008C3EF8 /* SwiftUIMemo.xcdatamodeld in Sources */ = {isa = PBXBuildFile; fileRef = D540568028B1578D008C3EF8 /* SwiftUIMemo.xcdatamodeld */; };
		D540569428B1578E008C3EF8 /* SwiftUIMemo.xcdatamodeld in Sources */ = {isa = PBXBuildFile; fileRef = D540568028B1578D008C3EF8 /* SwiftUIMemo.xcdatamodeld */; };
		D540569528B1578E008C3EF8 /* SwiftUIMemoApp.swift in Sources */ = {isa = PBXBuildFile; fileRef = D540568228B1578D008C3EF8 /* SwiftUIMemoApp.swift */; };
		D540569628B1578E008C3EF8 /* SwiftUIMemoApp.swift in Sources */ = {isa = PBXBuildFile; fileRef = D540568228B1578D008C3EF8 /* SwiftUIMemoApp.swift */; };
		D540569928B1578E008C3EF8 /* Persistence.swift in Sources */ = {isa = PBXBuildFile; fileRef = D540568428B1578D008C3EF8 /* Persistence.swift */; };
		D540569A28B1578E008C3EF8 /* Persistence.swift in Sources */ = {isa = PBXBuildFile; fileRef = D540568428B1578D008C3EF8 /* Persistence.swift */; };
		D540569B28B1578E008C3EF8 /* Assets.xcassets in Resources */ = {isa = PBXBuildFile; fileRef = D540568528B1578E008C3EF8 /* Assets.xcassets */; };
		D540569C28B1578E008C3EF8 /* Assets.xcassets in Resources */ = {isa = PBXBuildFile; fileRef = D540568528B1578E008C3EF8 /* Assets.xcassets */; };
		D54056A628B15E4A008C3EF8 /* MainListView.swift in Sources */ = {isa = PBXBuildFile; fileRef = D54056A528B15E4A008C3EF8 /* MainListView.swift */; };
		D54056A728B15E4A008C3EF8 /* MainListView.swift in Sources */ = {isa = PBXBuildFile; fileRef = D54056A528B15E4A008C3EF8 /* MainListView.swift */; };
		D54056AB28B15ED5008C3EF8 /* Memo.swift in Sources */ = {isa = PBXBuildFile; fileRef = D54056AA28B15ED5008C3EF8 /* Memo.swift */; };
		D54056AC28B15ED5008C3EF8 /* Memo.swift in Sources */ = {isa = PBXBuildFile; fileRef = D54056AA28B15ED5008C3EF8 /* Memo.swift */; };
		D54056AE28B1602A008C3EF8 /* MemoStore.swift in Sources */ = {isa = PBXBuildFile; fileRef = D54056AD28B1602A008C3EF8 /* MemoStore.swift */; };
		D54056AF28B1602A008C3EF8 /* MemoStore.swift in Sources */ = {isa = PBXBuildFile; fileRef = D54056AD28B1602A008C3EF8 /* MemoStore.swift */; };
		D54056B628B16CA7008C3EF8 /* MemoCell.swift in Sources */ = {isa = PBXBuildFile; fileRef = D54056B528B16CA7008C3EF8 /* MemoCell.swift */; };
		D54056B728B16CA7008C3EF8 /* MemoCell.swift in Sources */ = {isa = PBXBuildFile; fileRef = D54056B528B16CA7008C3EF8 /* MemoCell.swift */; };
/* End PBXBuildFile section */

/* Begin PBXFileReference section */
		D505222F28B518AA00C55172 /* ComposeView.swift */ = {isa = PBXFileReference; lastKnownFileType = sourcecode.swift; path = ComposeView.swift; sourceTree = "<group>"; };
		D540568128B1578D008C3EF8 /* Shared.xcdatamodel */ = {isa = PBXFileReference; lastKnownFileType = wrapper.xcdatamodel; path = Shared.xcdatamodel; sourceTree = "<group>"; };
		D540568228B1578D008C3EF8 /* SwiftUIMemoApp.swift */ = {isa = PBXFileReference; lastKnownFileType = sourcecode.swift; path = SwiftUIMemoApp.swift; sourceTree = "<group>"; };
		D540568428B1578D008C3EF8 /* Persistence.swift */ = {isa = PBXFileReference; lastKnownFileType = sourcecode.swift; path = Persistence.swift; sourceTree = "<group>"; };
		D540568528B1578E008C3EF8 /* Assets.xcassets */ = {isa = PBXFileReference; lastKnownFileType = folder.assetcatalog; path = Assets.xcassets; sourceTree = "<group>"; };
		D540568A28B1578E008C3EF8 /* SwiftUIMemo.app */ = {isa = PBXFileReference; explicitFileType = wrapper.application; includeInIndex = 0; path = SwiftUIMemo.app; sourceTree = BUILT_PRODUCTS_DIR; };
		D540569028B1578E008C3EF8 /* SwiftUIMemo.app */ = {isa = PBXFileReference; explicitFileType = wrapper.application; includeInIndex = 0; path = SwiftUIMemo.app; sourceTree = BUILT_PRODUCTS_DIR; };
		D540569228B1578E008C3EF8 /* macOS.entitlements */ = {isa = PBXFileReference; lastKnownFileType = text.plist.entitlements; path = macOS.entitlements; sourceTree = "<group>"; };
		D54056A528B15E4A008C3EF8 /* MainListView.swift */ = {isa = PBXFileReference; lastKnownFileType = sourcecode.swift; path = MainListView.swift; sourceTree = "<group>"; };
		D54056AA28B15ED5008C3EF8 /* Memo.swift */ = {isa = PBXFileReference; lastKnownFileType = sourcecode.swift; path = Memo.swift; sourceTree = "<group>"; };
		D54056AD28B1602A008C3EF8 /* MemoStore.swift */ = {isa = PBXFileReference; lastKnownFileType = sourcecode.swift; path = MemoStore.swift; sourceTree = "<group>"; };
		D54056B528B16CA7008C3EF8 /* MemoCell.swift */ = {isa = PBXFileReference; lastKnownFileType = sourcecode.swift; path = MemoCell.swift; sourceTree = "<group>"; };
/* End PBXFileReference section */

/* Begin PBXFrameworksBuildPhase section */
		D540568728B1578E008C3EF8 /* Frameworks */ = {
			isa = PBXFrameworksBuildPhase;
			buildActionMask = 2147483647;
			files = (
			);
			runOnlyForDeploymentPostprocessing = 0;
		};
		D540568D28B1578E008C3EF8 /* Frameworks */ = {
			isa = PBXFrameworksBuildPhase;
			buildActionMask = 2147483647;
			files = (
			);
			runOnlyForDeploymentPostprocessing = 0;
		};
/* End PBXFrameworksBuildPhase section */

/* Begin PBXGroup section */
		D540567A28B1578D008C3EF8 = {
			isa = PBXGroup;
			children = (
				D540567F28B1578D008C3EF8 /* Shared */,
				D540569128B1578E008C3EF8 /* macOS */,
				D540568B28B1578E008C3EF8 /* Products */,
			);
			sourceTree = "<group>";
		};
		D540567F28B1578D008C3EF8 /* Shared */ = {
			isa = PBXGroup;
			children = (
				D54056B028B16C25008C3EF8 /* View */,
				D54056A928B15E6D008C3EF8 /* Memory */,
				D54056A828B15E65008C3EF8 /* CoreData */,
				D540568228B1578D008C3EF8 /* SwiftUIMemoApp.swift */,
				D540568528B1578E008C3EF8 /* Assets.xcassets */,
			);
			path = Shared;
			sourceTree = "<group>";
		};
		D540568B28B1578E008C3EF8 /* Products */ = {
			isa = PBXGroup;
			children = (
				D540568A28B1578E008C3EF8 /* SwiftUIMemo.app */,
				D540569028B1578E008C3EF8 /* SwiftUIMemo.app */,
			);
			name = Products;
			sourceTree = "<group>";
		};
		D540569128B1578E008C3EF8 /* macOS */ = {
			isa = PBXGroup;
			children = (
				D540569228B1578E008C3EF8 /* macOS.entitlements */,
			);
			path = macOS;
			sourceTree = "<group>";
		};
		D54056A828B15E65008C3EF8 /* CoreData */ = {
			isa = PBXGroup;
			children = (
				D540568428B1578D008C3EF8 /* Persistence.swift */,
				D540568028B1578D008C3EF8 /* SwiftUIMemo.xcdatamodeld */,
			);
			path = CoreData;
			sourceTree = "<group>";
		};
		D54056A928B15E6D008C3EF8 /* Memory */ = {
			isa = PBXGroup;
			children = (
				D54056AA28B15ED5008C3EF8 /* Memo.swift */,
				D54056AD28B1602A008C3EF8 /* MemoStore.swift */,
			);
			path = Memory;
			sourceTree = "<group>";
		};
		D54056B028B16C25008C3EF8 /* View */ = {
			isa = PBXGroup;
			children = (
				D54056A528B15E4A008C3EF8 /* MainListView.swift */,
				D54056B528B16CA7008C3EF8 /* MemoCell.swift */,
				D505222F28B518AA00C55172 /* ComposeView.swift */,
			);
			path = View;
			sourceTree = "<group>";
		};
/* End PBXGroup section */

/* Begin PBXNativeTarget section */
		D540568928B1578E008C3EF8 /* SwiftUIMemo (iOS) */ = {
			isa = PBXNativeTarget;
			buildConfigurationList = D540569F28B1578E008C3EF8 /* Build configuration list for PBXNativeTarget "SwiftUIMemo (iOS)" */;
			buildPhases = (
				D540568628B1578E008C3EF8 /* Sources */,
				D540568728B1578E008C3EF8 /* Frameworks */,
				D540568828B1578E008C3EF8 /* Resources */,
			);
			buildRules = (
			);
			dependencies = (
			);
			name = "SwiftUIMemo (iOS)";
			productName = "SwiftUIMemo (iOS)";
			productReference = D540568A28B1578E008C3EF8 /* SwiftUIMemo.app */;
			productType = "com.apple.product-type.application";
		};
		D540568F28B1578E008C3EF8 /* SwiftUIMemo (macOS) */ = {
			isa = PBXNativeTarget;
			buildConfigurationList = D54056A228B1578E008C3EF8 /* Build configuration list for PBXNativeTarget "SwiftUIMemo (macOS)" */;
			buildPhases = (
				D540568C28B1578E008C3EF8 /* Sources */,
				D540568D28B1578E008C3EF8 /* Frameworks */,
				D540568E28B1578E008C3EF8 /* Resources */,
			);
			buildRules = (
			);
			dependencies = (
			);
			name = "SwiftUIMemo (macOS)";
			productName = "SwiftUIMemo (macOS)";
			productReference = D540569028B1578E008C3EF8 /* SwiftUIMemo.app */;
			productType = "com.apple.product-type.application";
		};
/* End PBXNativeTarget section */

/* Begin PBXProject section */
		D540567B28B1578D008C3EF8 /* Project object */ = {
			isa = PBXProject;
			attributes = {
				BuildIndependentTargetsInParallel = 1;
				LastSwiftUpdateCheck = 1340;
				LastUpgradeCheck = 1340;
				TargetAttributes = {
					D540568928B1578E008C3EF8 = {
						CreatedOnToolsVersion = 13.4.1;
					};
					D540568F28B1578E008C3EF8 = {
						CreatedOnToolsVersion = 13.4.1;
					};
				};
			};
			buildConfigurationList = D540567E28B1578D008C3EF8 /* Build configuration list for PBXProject "SwiftUIMemo" */;
			compatibilityVersion = "Xcode 13.0";
			developmentRegion = en;
			hasScannedForEncodings = 0;
			knownRegions = (
				en,
				Base,
			);
			mainGroup = D540567A28B1578D008C3EF8;
			productRefGroup = D540568B28B1578E008C3EF8 /* Products */;
			projectDirPath = "";
			projectRoot = "";
			targets = (
				D540568928B1578E008C3EF8 /* SwiftUIMemo (iOS) */,
				D540568F28B1578E008C3EF8 /* SwiftUIMemo (macOS) */,
			);
		};
/* End PBXProject section */

/* Begin PBXResourcesBuildPhase section */
		D540568828B1578E008C3EF8 /* Resources */ = {
			isa = PBXResourcesBuildPhase;
			buildActionMask = 2147483647;
			files = (
				D540569B28B1578E008C3EF8 /* Assets.xcassets in Resources */,
			);
			runOnlyForDeploymentPostprocessing = 0;
		};
		D540568E28B1578E008C3EF8 /* Resources */ = {
			isa = PBXResourcesBuildPhase;
			buildActionMask = 2147483647;
			files = (
				D540569C28B1578E008C3EF8 /* Assets.xcassets in Resources */,
			);
			runOnlyForDeploymentPostprocessing = 0;
		};
/* End PBXResourcesBuildPhase section */

/* Begin PBXSourcesBuildPhase section */
		D540568628B1578E008C3EF8 /* Sources */ = {
			isa = PBXSourcesBuildPhase;
			buildActionMask = 2147483647;
			files = (
				D54056B628B16CA7008C3EF8 /* MemoCell.swift in Sources */,
				D540569328B1578E008C3EF8 /* SwiftUIMemo.xcdatamodeld in Sources */,
				D54056AE28B1602A008C3EF8 /* MemoStore.swift in Sources */,
				D54056A628B15E4A008C3EF8 /* MainListView.swift in Sources */,
				D540569928B1578E008C3EF8 /* Persistence.swift in Sources */,
				D505223028B518AA00C55172 /* ComposeView.swift in Sources */,
				D540569528B1578E008C3EF8 /* SwiftUIMemoApp.swift in Sources */,
				D54056AB28B15ED5008C3EF8 /* Memo.swift in Sources */,
			);
			runOnlyForDeploymentPostprocessing = 0;
		};
		D540568C28B1578E008C3EF8 /* Sources */ = {
			isa = PBXSourcesBuildPhase;
			buildActionMask = 2147483647;
			files = (
				D54056B728B16CA7008C3EF8 /* MemoCell.swift in Sources */,
				D540569428B1578E008C3EF8 /* SwiftUIMemo.xcdatamodeld in Sources */,
				D54056AF28B1602A008C3EF8 /* MemoStore.swift in Sources */,
				D54056A728B15E4A008C3EF8 /* MainListView.swift in Sources */,
				D540569A28B1578E008C3EF8 /* Persistence.swift in Sources */,
				D505223128B518AA00C55172 /* ComposeView.swift in Sources */,
				D540569628B1578E008C3EF8 /* SwiftUIMemoApp.swift in Sources */,
				D54056AC28B15ED5008C3EF8 /* Memo.swift in Sources */,
			);
			runOnlyForDeploymentPostprocessing = 0;
		};
/* End PBXSourcesBuildPhase section */

/* Begin XCBuildConfiguration section */
		D540569D28B1578E008C3EF8 /* Debug */ = {
			isa = XCBuildConfiguration;
			buildSettings = {
				ALWAYS_SEARCH_USER_PATHS = NO;
				CLANG_ANALYZER_NONNULL = YES;
				CLANG_ANALYZER_NUMBER_OBJECT_CONVERSION = YES_AGGRESSIVE;
				CLANG_CXX_LANGUAGE_STANDARD = "gnu++17";
				CLANG_ENABLE_MODULES = YES;
				CLANG_ENABLE_OBJC_ARC = YES;
				CLANG_ENABLE_OBJC_WEAK = YES;
				CLANG_WARN_BLOCK_CAPTURE_AUTORELEASING = YES;
				CLANG_WARN_BOOL_CONVERSION = YES;
				CLANG_WARN_COMMA = YES;
				CLANG_WARN_CONSTANT_CONVERSION = YES;
				CLANG_WARN_DEPRECATED_OBJC_IMPLEMENTATIONS = YES;
				CLANG_WARN_DIRECT_OBJC_ISA_USAGE = YES_ERROR;
				CLANG_WARN_DOCUMENTATION_COMMENTS = YES;
				CLANG_WARN_EMPTY_BODY = YES;
				CLANG_WARN_ENUM_CONVERSION = YES;
				CLANG_WARN_INFINITE_RECURSION = YES;
				CLANG_WARN_INT_CONVERSION = YES;
				CLANG_WARN_NON_LITERAL_NULL_CONVERSION = YES;
				CLANG_WARN_OBJC_IMPLICIT_RETAIN_SELF = YES;
				CLANG_WARN_OBJC_LITERAL_CONVERSION = YES;
				CLANG_WARN_OBJC_ROOT_CLASS = YES_ERROR;
				CLANG_WARN_QUOTED_INCLUDE_IN_FRAMEWORK_HEADER = YES;
				CLANG_WARN_RANGE_LOOP_ANALYSIS = YES;
				CLANG_WARN_STRICT_PROTOTYPES = YES;
				CLANG_WARN_SUSPICIOUS_MOVE = YES;
				CLANG_WARN_UNGUARDED_AVAILABILITY = YES_AGGRESSIVE;
				CLANG_WARN_UNREACHABLE_CODE = YES;
				CLANG_WARN__DUPLICATE_METHOD_MATCH = YES;
				COPY_PHASE_STRIP = NO;
				DEBUG_INFORMATION_FORMAT = dwarf;
				ENABLE_STRICT_OBJC_MSGSEND = YES;
				ENABLE_TESTABILITY = YES;
				GCC_C_LANGUAGE_STANDARD = gnu11;
				GCC_DYNAMIC_NO_PIC = NO;
				GCC_NO_COMMON_BLOCKS = YES;
				GCC_OPTIMIZATION_LEVEL = 0;
				GCC_PREPROCESSOR_DEFINITIONS = (
					"DEBUG=1",
					"$(inherited)",
				);
				GCC_WARN_64_TO_32_BIT_CONVERSION = YES;
				GCC_WARN_ABOUT_RETURN_TYPE = YES_ERROR;
				GCC_WARN_UNDECLARED_SELECTOR = YES;
				GCC_WARN_UNINITIALIZED_AUTOS = YES_AGGRESSIVE;
				GCC_WARN_UNUSED_FUNCTION = YES;
				GCC_WARN_UNUSED_VARIABLE = YES;
				MTL_ENABLE_DEBUG_INFO = INCLUDE_SOURCE;
				MTL_FAST_MATH = YES;
				ONLY_ACTIVE_ARCH = YES;
				SWIFT_ACTIVE_COMPILATION_CONDITIONS = DEBUG;
				SWIFT_OPTIMIZATION_LEVEL = "-Onone";
			};
			name = Debug;
		};
		D540569E28B1578E008C3EF8 /* Release */ = {
			isa = XCBuildConfiguration;
			buildSettings = {
				ALWAYS_SEARCH_USER_PATHS = NO;
				CLANG_ANALYZER_NONNULL = YES;
				CLANG_ANALYZER_NUMBER_OBJECT_CONVERSION = YES_AGGRESSIVE;
				CLANG_CXX_LANGUAGE_STANDARD = "gnu++17";
				CLANG_ENABLE_MODULES = YES;
				CLANG_ENABLE_OBJC_ARC = YES;
				CLANG_ENABLE_OBJC_WEAK = YES;
				CLANG_WARN_BLOCK_CAPTURE_AUTORELEASING = YES;
				CLANG_WARN_BOOL_CONVERSION = YES;
				CLANG_WARN_COMMA = YES;
				CLANG_WARN_CONSTANT_CONVERSION = YES;
				CLANG_WARN_DEPRECATED_OBJC_IMPLEMENTATIONS = YES;
				CLANG_WARN_DIRECT_OBJC_ISA_USAGE = YES_ERROR;
				CLANG_WARN_DOCUMENTATION_COMMENTS = YES;
				CLANG_WARN_EMPTY_BODY = YES;
				CLANG_WARN_ENUM_CONVERSION = YES;
				CLANG_WARN_INFINITE_RECURSION = YES;
				CLANG_WARN_INT_CONVERSION = YES;
				CLANG_WARN_NON_LITERAL_NULL_CONVERSION = YES;
				CLANG_WARN_OBJC_IMPLICIT_RETAIN_SELF = YES;
				CLANG_WARN_OBJC_LITERAL_CONVERSION = YES;
				CLANG_WARN_OBJC_ROOT_CLASS = YES_ERROR;
				CLANG_WARN_QUOTED_INCLUDE_IN_FRAMEWORK_HEADER = YES;
				CLANG_WARN_RANGE_LOOP_ANALYSIS = YES;
				CLANG_WARN_STRICT_PROTOTYPES = YES;
				CLANG_WARN_SUSPICIOUS_MOVE = YES;
				CLANG_WARN_UNGUARDED_AVAILABILITY = YES_AGGRESSIVE;
				CLANG_WARN_UNREACHABLE_CODE = YES;
				CLANG_WARN__DUPLICATE_METHOD_MATCH = YES;
				COPY_PHASE_STRIP = NO;
				DEBUG_INFORMATION_FORMAT = "dwarf-with-dsym";
				ENABLE_NS_ASSERTIONS = NO;
				ENABLE_STRICT_OBJC_MSGSEND = YES;
				GCC_C_LANGUAGE_STANDARD = gnu11;
				GCC_NO_COMMON_BLOCKS = YES;
				GCC_WARN_64_TO_32_BIT_CONVERSION = YES;
				GCC_WARN_ABOUT_RETURN_TYPE = YES_ERROR;
				GCC_WARN_UNDECLARED_SELECTOR = YES;
				GCC_WARN_UNINITIALIZED_AUTOS = YES_AGGRESSIVE;
				GCC_WARN_UNUSED_FUNCTION = YES;
				GCC_WARN_UNUSED_VARIABLE = YES;
				MTL_ENABLE_DEBUG_INFO = NO;
				MTL_FAST_MATH = YES;
				SWIFT_COMPILATION_MODE = wholemodule;
				SWIFT_OPTIMIZATION_LEVEL = "-O";
			};
			name = Release;
		};
		D54056A028B1578E008C3EF8 /* Debug */ = {
			isa = XCBuildConfiguration;
			buildSettings = {
				ASSETCATALOG_COMPILER_APPICON_NAME = AppIcon;
				ASSETCATALOG_COMPILER_GLOBAL_ACCENT_COLOR_NAME = AccentColor;
				CODE_SIGN_STYLE = Automatic;
				CURRENT_PROJECT_VERSION = 1;
				ENABLE_PREVIEWS = YES;
				GENERATE_INFOPLIST_FILE = YES;
				INFOPLIST_KEY_UIApplicationSceneManifest_Generation = YES;
				INFOPLIST_KEY_UIApplicationSupportsIndirectInputEvents = YES;
				INFOPLIST_KEY_UILaunchScreen_Generation = YES;
				INFOPLIST_KEY_UISupportedInterfaceOrientations_iPad = "UIInterfaceOrientationPortrait UIInterfaceOrientationPortraitUpsideDown UIInterfaceOrientationLandscapeLeft UIInterfaceOrientationLandscapeRight";
				INFOPLIST_KEY_UISupportedInterfaceOrientations_iPhone = "UIInterfaceOrientationPortrait UIInterfaceOrientationLandscapeLeft UIInterfaceOrientationLandscapeRight";
				IPHONEOS_DEPLOYMENT_TARGET = 15.5;
				LD_RUNPATH_SEARCH_PATHS = (
					"$(inherited)",
					"@executable_path/Frameworks",
				);
				MARKETING_VERSION = 1.0;
				PRODUCT_BUNDLE_IDENTIFIER = juhee.SwiftUIMemo;
				PRODUCT_NAME = SwiftUIMemo;
				SDKROOT = iphoneos;
				SWIFT_EMIT_LOC_STRINGS = YES;
				SWIFT_VERSION = 5.0;
				TARGETED_DEVICE_FAMILY = "1,2";
			};
			name = Debug;
		};
		D54056A128B1578E008C3EF8 /* Release */ = {
			isa = XCBuildConfiguration;
			buildSettings = {
				ASSETCATALOG_COMPILER_APPICON_NAME = AppIcon;
				ASSETCATALOG_COMPILER_GLOBAL_ACCENT_COLOR_NAME = AccentColor;
				CODE_SIGN_STYLE = Automatic;
				CURRENT_PROJECT_VERSION = 1;
				ENABLE_PREVIEWS = YES;
				GENERATE_INFOPLIST_FILE = YES;
				INFOPLIST_KEY_UIApplicationSceneManifest_Generation = YES;
				INFOPLIST_KEY_UIApplicationSupportsIndirectInputEvents = YES;
				INFOPLIST_KEY_UILaunchScreen_Generation = YES;
				INFOPLIST_KEY_UISupportedInterfaceOrientations_iPad = "UIInterfaceOrientationPortrait UIInterfaceOrientationPortraitUpsideDown UIInterfaceOrientationLandscapeLeft UIInterfaceOrientationLandscapeRight";
				INFOPLIST_KEY_UISupportedInterfaceOrientations_iPhone = "UIInterfaceOrientationPortrait UIInterfaceOrientationLandscapeLeft UIInterfaceOrientationLandscapeRight";
				IPHONEOS_DEPLOYMENT_TARGET = 15.5;
				LD_RUNPATH_SEARCH_PATHS = (
					"$(inherited)",
					"@executable_path/Frameworks",
				);
				MARKETING_VERSION = 1.0;
				PRODUCT_BUNDLE_IDENTIFIER = juhee.SwiftUIMemo;
				PRODUCT_NAME = SwiftUIMemo;
				SDKROOT = iphoneos;
				SWIFT_EMIT_LOC_STRINGS = YES;
				SWIFT_VERSION = 5.0;
				TARGETED_DEVICE_FAMILY = "1,2";
				VALIDATE_PRODUCT = YES;
			};
			name = Release;
		};
		D54056A328B1578E008C3EF8 /* Debug */ = {
			isa = XCBuildConfiguration;
			buildSettings = {
				ASSETCATALOG_COMPILER_APPICON_NAME = AppIcon;
				ASSETCATALOG_COMPILER_GLOBAL_ACCENT_COLOR_NAME = AccentColor;
				CODE_SIGN_ENTITLEMENTS = macOS/macOS.entitlements;
				CODE_SIGN_STYLE = Automatic;
				COMBINE_HIDPI_IMAGES = YES;
				CURRENT_PROJECT_VERSION = 1;
				ENABLE_PREVIEWS = YES;
				GENERATE_INFOPLIST_FILE = YES;
				INFOPLIST_KEY_NSHumanReadableCopyright = "";
				LD_RUNPATH_SEARCH_PATHS = (
					"$(inherited)",
					"@executable_path/../Frameworks",
				);
				MACOSX_DEPLOYMENT_TARGET = 12.2;
				MARKETING_VERSION = 1.0;
				PRODUCT_BUNDLE_IDENTIFIER = juhee.SwiftUIMemo;
				PRODUCT_NAME = SwiftUIMemo;
				SDKROOT = macosx;
				SWIFT_EMIT_LOC_STRINGS = YES;
				SWIFT_VERSION = 5.0;
			};
			name = Debug;
		};
		D54056A428B1578E008C3EF8 /* Release */ = {
			isa = XCBuildConfiguration;
			buildSettings = {
				ASSETCATALOG_COMPILER_APPICON_NAME = AppIcon;
				ASSETCATALOG_COMPILER_GLOBAL_ACCENT_COLOR_NAME = AccentColor;
				CODE_SIGN_ENTITLEMENTS = macOS/macOS.entitlements;
				CODE_SIGN_STYLE = Automatic;
				COMBINE_HIDPI_IMAGES = YES;
				CURRENT_PROJECT_VERSION = 1;
				ENABLE_PREVIEWS = YES;
				GENERATE_INFOPLIST_FILE = YES;
				INFOPLIST_KEY_NSHumanReadableCopyright = "";
				LD_RUNPATH_SEARCH_PATHS = (
					"$(inherited)",
					"@executable_path/../Frameworks",
				);
				MACOSX_DEPLOYMENT_TARGET = 12.2;
				MARKETING_VERSION = 1.0;
				PRODUCT_BUNDLE_IDENTIFIER = juhee.SwiftUIMemo;
				PRODUCT_NAME = SwiftUIMemo;
				SDKROOT = macosx;
				SWIFT_EMIT_LOC_STRINGS = YES;
				SWIFT_VERSION = 5.0;
			};
			name = Release;
		};
/* End XCBuildConfiguration section */

/* Begin XCConfigurationList section */
		D540567E28B1578D008C3EF8 /* Build configuration list for PBXProject "SwiftUIMemo" */ = {
			isa = XCConfigurationList;
			buildConfigurations = (
				D540569D28B1578E008C3EF8 /* Debug */,
				D540569E28B1578E008C3EF8 /* Release */,
			);
			defaultConfigurationIsVisible = 0;
			defaultConfigurationName = Release;
		};
		D540569F28B1578E008C3EF8 /* Build configuration list for PBXNativeTarget "SwiftUIMemo (iOS)" */ = {
			isa = XCConfigurationList;
			buildConfigurations = (
				D54056A028B1578E008C3EF8 /* Debug */,
				D54056A128B1578E008C3EF8 /* Release */,
			);
			defaultConfigurationIsVisible = 0;
			defaultConfigurationName = Release;
		};
		D54056A228B1578E008C3EF8 /* Build configuration list for PBXNativeTarget "SwiftUIMemo (macOS)" */ = {
			isa = XCConfigurationList;
			buildConfigurations = (
				D54056A328B1578E008C3EF8 /* Debug */,
				D54056A428B1578E008C3EF8 /* Release */,
			);
			defaultConfigurationIsVisible = 0;
			defaultConfigurationName = Release;
		};
/* End XCConfigurationList section */

/* Begin XCVersionGroup section */
		D540568028B1578D008C3EF8 /* SwiftUIMemo.xcdatamodeld */ = {
			isa = XCVersionGroup;
			children = (
				D540568128B1578D008C3EF8 /* Shared.xcdatamodel */,
			);
			currentVersion = D540568128B1578D008C3EF8 /* Shared.xcdatamodel */;
			path = SwiftUIMemo.xcdatamodeld;
			sourceTree = "<group>";
			versionGroupType = wrapper.xcdatamodel;
		};
/* End XCVersionGroup section */
	};
	rootObject = D540567B28B1578D008C3EF8 /* Project object */;
}
